
Microsoft Visual Studio Solution File, Format Version 12.00
# Visual Studio Version 16
VisualStudioVersion = 16.0.30104.148
MinimumVisualStudioVersion = 10.0.40219.1
Project("{FAE04EC0-301F-11D3-BF4B-00C04F79EFBC}") = "DriveExplorer", "DriveExplorer\DriveExplorer.csproj", "{CBAF0616-8857-4FB3-98DE-2242E56D0128}"
EndProject
Project("{2150E333-8FDC-42A3-9474-1A3956D46DE8}") = "Solution Items", "Solution Items", "{93BC7FA4-D184-4360-95F8-760783253FEB}"
	ProjectSection(SolutionItems) = preProject
		.editorconfig = .editorconfig
	EndProjectSection
EndProject
Project("{FAE04EC0-301F-11D3-BF4B-00C04F79EFBC}") = "DriveExplorerTests", "DriveExplorerTests\DriveExplorerTests.csproj", "{25DF340F-0FB9-4F2D-8E61-997F0A02B196}"
EndProject
Project("{9A19103F-16F7-4668-BE54-9A1E7A4F7556}") = "Cyc.MicrosoftApi", "Cyc\Cyc.MicrosoftApi\Cyc.MicrosoftApi.csproj", "{BD671F7E-9628-466F-8E8E-82A83AF19CA9}"
EndProject
Project("{9A19103F-16F7-4668-BE54-9A1E7A4F7556}") = "Cyc.GoogleApi", "Cyc\Cyc.GoogleApi\Cyc.GoogleApi.csproj", "{40DCA5C6-9BD9-40F5-AE71-8DB12F77A3A2}"
EndProject
Project("{9A19103F-16F7-4668-BE54-9A1E7A4F7556}") = "Cyc.Standard", "Cyc\Cyc.Standard\Cyc.Standard.csproj", "{1415E977-CDF6-4507-AE7A-41780DCB1A77}"
EndProject
Project("{FAE04EC0-301F-11D3-BF4B-00C04F79EFBC}") = "Cyc.Mvvm", "Cyc\Cyc.Mvvm\Cyc.Mvvm.csproj", "{F465EE5C-8383-4962-9141-8542702D9053}"
EndProject
Project("{FAE04EC0-301F-11D3-BF4B-00C04F79EFBC}") = "WpfApp1", "WpfApp1\WpfApp1.csproj", "{7E9DF5E2-C3CB-4905-8E5F-64042581C1EA}"
EndProject
Global
	GlobalSection(SolutionConfigurationPlatforms) = preSolution
		Debug|Any CPU = Debug|Any CPU
		Release|Any CPU = Release|Any CPU
	EndGlobalSection
	GlobalSection(ProjectConfigurationPlatforms) = postSolution
		{CBAF0616-8857-4FB3-98DE-2242E56D0128}.Debug|Any CPU.ActiveCfg = Debug|Any CPU
		{CBAF0616-8857-4FB3-98DE-2242E56D0128}.Debug|Any CPU.Build.0 = Debug|Any CPU
		{CBAF0616-8857-4FB3-98DE-2242E56D0128}.Release|Any CPU.ActiveCfg = Release|Any CPU
		{CBAF0616-8857-4FB3-98DE-2242E56D0128}.Release|Any CPU.Build.0 = Release|Any CPU
		{25DF340F-0FB9-4F2D-8E61-997F0A02B196}.Debug|Any CPU.ActiveCfg = Debug|Any CPU
		{25DF340F-0FB9-4F2D-8E61-997F0A02B196}.Debug|Any CPU.Build.0 = Debug|Any CPU
		{25DF340F-0FB9-4F2D-8E61-997F0A02B196}.Release|Any CPU.ActiveCfg = Release|Any CPU
		{25DF340F-0FB9-4F2D-8E61-997F0A02B196}.Release|Any CPU.Build.0 = Release|Any CPU
		{BD671F7E-9628-466F-8E8E-82A83AF19CA9}.Debug|Any CPU.ActiveCfg = Debug|Any CPU
		{BD671F7E-9628-466F-8E8E-82A83AF19CA9}.Debug|Any CPU.Build.0 = Debug|Any CPU
		{BD671F7E-9628-466F-8E8E-82A83AF19CA9}.Release|Any CPU.ActiveCfg = Release|Any CPU
		{BD671F7E-9628-466F-8E8E-82A83AF19CA9}.Release|Any CPU.Build.0 = Release|Any CPU
		{40DCA5C6-9BD9-40F5-AE71-8DB12F77A3A2}.Debug|Any CPU.ActiveCfg = Debug|Any CPU
		{40DCA5C6-9BD9-40F5-AE71-8DB12F77A3A2}.Debug|Any CPU.Build.0 = Debug|Any CPU
		{40DCA5C6-9BD9-40F5-AE71-8DB12F77A3A2}.Release|Any CPU.ActiveCfg = Release|Any CPU
		{40DCA5C6-9BD9-40F5-AE71-8DB12F77A3A2}.Release|Any CPU.Build.0 = Release|Any CPU
		{1415E977-CDF6-4507-AE7A-41780DCB1A77}.Debug|Any CPU.ActiveCfg = Debug|Any CPU
		{1415E977-CDF6-4507-AE7A-41780DCB1A77}.Debug|Any CPU.Build.0 = Debug|Any CPU
		{1415E977-CDF6-4507-AE7A-41780DCB1A77}.Release|Any CPU.ActiveCfg = Release|Any CPU
		{1415E977-CDF6-4507-AE7A-41780DCB1A77}.Release|Any CPU.Build.0 = Release|Any CPU
		{F465EE5C-8383-4962-9141-8542702D9053}.Debug|Any CPU.ActiveCfg = Debug|Any CPU
		{F465EE5C-8383-4962-9141-8542702D9053}.Debug|Any CPU.Build.0 = Debug|Any CPU
		{F465EE5C-8383-4962-9141-8542702D9053}.Release|Any CPU.ActiveCfg = Release|Any CPU
		{F465EE5C-8383-4962-9141-8542702D9053}.Release|Any CPU.Build.0 = Release|Any CPU
		{7E9DF5E2-C3CB-4905-8E5F-64042581C1EA}.Debug|Any CPU.ActiveCfg = Debug|Any CPU
		{7E9DF5E2-C3CB-4905-8E5F-64042581C1EA}.Debug|Any CPU.Build.0 = Debug|Any CPU
		{7E9DF5E2-C3CB-4905-8E5F-64042581C1EA}.Release|Any CPU.ActiveCfg = Release|Any CPU
		{7E9DF5E2-C3CB-4905-8E5F-64042581C1EA}.Release|Any CPU.Build.0 = Release|Any CPU
	EndGlobalSection
	GlobalSection(SolutionProperties) = preSolution
		HideSolutionNode = FALSE
	EndGlobalSection
	GlobalSection(ExtensibilityGlobals) = postSolution
		SolutionGuid = {84F003E7-862B-47C7-BFE0-CB49723443A2}
	EndGlobalSection
EndGlobal
