
Microsoft Visual Studio Solution File, Format Version 12.00
# Visual Studio Version 16
VisualStudioVersion = 16.0.30104.148
MinimumVisualStudioVersion = 10.0.40219.1
Project("{9A19103F-16F7-4668-BE54-9A1E7A4F7556}") = "DriveExplorer", "DriveExplorer\DriveExplorer.csproj", "{2F8F9569-92B6-4803-AA81-F2EFFA95A5FB}"
EndProject
Project("{FAE04EC0-301F-11D3-BF4B-00C04F79EFBC}") = "DriveExplorerTests", "DriveExplorerTests\DriveExplorerTests.csproj", "{3A2516BE-FD88-4E1A-8BB8-6D53DA6010A0}"
EndProject
Global
	GlobalSection(SolutionConfigurationPlatforms) = preSolution
		Debug|Any CPU = Debug|Any CPU
		Release|Any CPU = Release|Any CPU
	EndGlobalSection
	GlobalSection(ProjectConfigurationPlatforms) = postSolution
		{2F8F9569-92B6-4803-AA81-F2EFFA95A5FB}.Debug|Any CPU.ActiveCfg = Debug|Any CPU
		{2F8F9569-92B6-4803-AA81-F2EFFA95A5FB}.Debug|Any CPU.Build.0 = Debug|Any CPU
		{2F8F9569-92B6-4803-AA81-F2EFFA95A5FB}.Release|Any CPU.ActiveCfg = Release|Any CPU
		{2F8F9569-92B6-4803-AA81-F2EFFA95A5FB}.Release|Any CPU.Build.0 = Release|Any CPU
		{3A2516BE-FD88-4E1A-8BB8-6D53DA6010A0}.Debug|Any CPU.ActiveCfg = Debug|Any CPU
		{3A2516BE-FD88-4E1A-8BB8-6D53DA6010A0}.Debug|Any CPU.Build.0 = Debug|Any CPU
		{3A2516BE-FD88-4E1A-8BB8-6D53DA6010A0}.Release|Any CPU.ActiveCfg = Release|Any CPU
		{3A2516BE-FD88-4E1A-8BB8-6D53DA6010A0}.Release|Any CPU.Build.0 = Release|Any CPU
	EndGlobalSection
	GlobalSection(SolutionProperties) = preSolution
		HideSolutionNode = FALSE
	EndGlobalSection
	GlobalSection(ExtensibilityGlobals) = postSolution
		SolutionGuid = {84F003E7-862B-47C7-BFE0-CB49723443A2}
	EndGlobalSection
EndGlobal
